
Microsoft Visual Studio Solution File, Format Version 12.00
# Visual Studio 15
VisualStudioVersion = 15.0.26730.12
MinimumVisualStudioVersion = 10.0.40219.1
Project("{8BC9CEB8-8B4A-11D0-8D11-00A0C91BC942}") = "ch8", "ch8\ch8.vcxproj", "{A1D59F73-BB32-4168-A8FA-0736FFA159D0}"
EndProject
Project("{8BC9CEB8-8B4A-11D0-8D11-00A0C91BC942}") = "ch9", "ch9\ch9.vcxproj", "{908715A3-20DB-4BF2-9C87-521CFA82A954}"
EndProject
Project("{8BC9CEB8-8B4A-11D0-8D11-00A0C91BC942}") = "ch1108", "ch10\ch10.vcxproj", "{BF658D74-6EDD-423C-B385-B87B1256F930}"
EndProject
Project("{8BC9CEB8-8B4A-11D0-8D11-00A0C91BC942}") = "ch1115", "ch1115\ch1115.vcxproj", "{6A47A65C-0FAF-49A6-B94B-236E6CC0A3B4}"
EndProject
Global
	GlobalSection(SolutionConfigurationPlatforms) = preSolution
		Debug|x64 = Debug|x64
		Debug|x86 = Debug|x86
		Release|x64 = Release|x64
		Release|x86 = Release|x86
	EndGlobalSection
	GlobalSection(ProjectConfigurationPlatforms) = postSolution
		{A1D59F73-BB32-4168-A8FA-0736FFA159D0}.Debug|x64.ActiveCfg = Debug|x64
		{A1D59F73-BB32-4168-A8FA-0736FFA159D0}.Debug|x64.Build.0 = Debug|x64
		{A1D59F73-BB32-4168-A8FA-0736FFA159D0}.Debug|x86.ActiveCfg = Debug|Win32
		{A1D59F73-BB32-4168-A8FA-0736FFA159D0}.Debug|x86.Build.0 = Debug|Win32
		{A1D59F73-BB32-4168-A8FA-0736FFA159D0}.Release|x64.ActiveCfg = Release|x64
		{A1D59F73-BB32-4168-A8FA-0736FFA159D0}.Release|x64.Build.0 = Release|x64
		{A1D59F73-BB32-4168-A8FA-0736FFA159D0}.Release|x86.ActiveCfg = Release|Win32
		{A1D59F73-BB32-4168-A8FA-0736FFA159D0}.Release|x86.Build.0 = Release|Win32
		{908715A3-20DB-4BF2-9C87-521CFA82A954}.Debug|x64.ActiveCfg = Debug|x64
		{908715A3-20DB-4BF2-9C87-521CFA82A954}.Debug|x64.Build.0 = Debug|x64
		{908715A3-20DB-4BF2-9C87-521CFA82A954}.Debug|x86.ActiveCfg = Debug|Win32
		{908715A3-20DB-4BF2-9C87-521CFA82A954}.Debug|x86.Build.0 = Debug|Win32
		{908715A3-20DB-4BF2-9C87-521CFA82A954}.Release|x64.ActiveCfg = Release|x64
		{908715A3-20DB-4BF2-9C87-521CFA82A954}.Release|x64.Build.0 = Release|x64
		{908715A3-20DB-4BF2-9C87-521CFA82A954}.Release|x86.ActiveCfg = Release|Win32
		{908715A3-20DB-4BF2-9C87-521CFA82A954}.Release|x86.Build.0 = Release|Win32
		{BF658D74-6EDD-423C-B385-B87B1256F930}.Debug|x64.ActiveCfg = Debug|x64
		{BF658D74-6EDD-423C-B385-B87B1256F930}.Debug|x64.Build.0 = Debug|x64
		{BF658D74-6EDD-423C-B385-B87B1256F930}.Debug|x86.ActiveCfg = Debug|Win32
		{BF658D74-6EDD-423C-B385-B87B1256F930}.Debug|x86.Build.0 = Debug|Win32
		{BF658D74-6EDD-423C-B385-B87B1256F930}.Release|x64.ActiveCfg = Release|x64
		{BF658D74-6EDD-423C-B385-B87B1256F930}.Release|x64.Build.0 = Release|x64
		{BF658D74-6EDD-423C-B385-B87B1256F930}.Release|x86.ActiveCfg = Release|Win32
		{BF658D74-6EDD-423C-B385-B87B1256F930}.Release|x86.Build.0 = Release|Win32
		{6A47A65C-0FAF-49A6-B94B-236E6CC0A3B4}.Debug|x64.ActiveCfg = Debug|x64
		{6A47A65C-0FAF-49A6-B94B-236E6CC0A3B4}.Debug|x64.Build.0 = Debug|x64
		{6A47A65C-0FAF-49A6-B94B-236E6CC0A3B4}.Debug|x86.ActiveCfg = Debug|Win32
		{6A47A65C-0FAF-49A6-B94B-236E6CC0A3B4}.Debug|x86.Build.0 = Debug|Win32
		{6A47A65C-0FAF-49A6-B94B-236E6CC0A3B4}.Release|x64.ActiveCfg = Release|x64
		{6A47A65C-0FAF-49A6-B94B-236E6CC0A3B4}.Release|x64.Build.0 = Release|x64
		{6A47A65C-0FAF-49A6-B94B-236E6CC0A3B4}.Release|x86.ActiveCfg = Release|Win32
		{6A47A65C-0FAF-49A6-B94B-236E6CC0A3B4}.Release|x86.Build.0 = Release|Win32
	EndGlobalSection
	GlobalSection(SolutionProperties) = preSolution
		HideSolutionNode = FALSE
	EndGlobalSection
	GlobalSection(ExtensibilityGlobals) = postSolution
		SolutionGuid = {D892C9C2-5E55-4E63-8D87-162C5A2F43F3}
	EndGlobalSection
EndGlobal
